// !$*UTF8*$!
{
	archiveVersion = 1;
	classes = {
	};
	objectVersion = 50;
	objects = {

/* Begin PBXBuildFile section */
		E125D5D126D040160021DE2E /* libbz2.1.0.tbd in Frameworks */ = {isa = PBXBuildFile; fileRef = E125D5D026D040120021DE2E /* libbz2.1.0.tbd */; };
		E1C4994926D02A220093E290 /* main.swift in Sources */ = {isa = PBXBuildFile; fileRef = E1C4994826D02A220093E290 /* main.swift */; };
		E1C4995126D02A650093E290 /* Package.swift in Sources */ = {isa = PBXBuildFile; fileRef = E1C4995026D02A650093E290 /* Package.swift */; };
		E1C4995326D02A6D0093E290 /* Repo.swift in Sources */ = {isa = PBXBuildFile; fileRef = E1C4995226D02A6D0093E290 /* Repo.swift */; };
		E1C4995526D0356A0093E290 /* BZIP.swift in Sources */ = {isa = PBXBuildFile; fileRef = E1C4995426D0356A0093E290 /* BZIP.swift */; };
		E1C4995F26D0374A0093E290 /* PackageListManager.swift in Sources */ = {isa = PBXBuildFile; fileRef = E1C4995E26D0374A0093E290 /* PackageListManager.swift */; };
		E1C4996326D038100093E290 /* ControlFileParser.swift in Sources */ = {isa = PBXBuildFile; fileRef = E1C4996226D038100093E290 /* ControlFileParser.swift */; };
		E1C4996626D038490093E290 /* ControlFileParserFast.c in Sources */ = {isa = PBXBuildFile; fileRef = E1C4996426D038490093E290 /* ControlFileParserFast.c */; };
		E1C4996726D038490093E290 /* ControlFileParserFast.h in Headers */ = {isa = PBXBuildFile; fileRef = E1C4996526D038490093E290 /* ControlFileParserFast.h */; };
		E1F955E92AC096C9009C50D7 /* dpkgversion.c in Sources */ = {isa = PBXBuildFile; fileRef = E1F955E72AC096C9009C50D7 /* dpkgversion.c */; };
		E1F955EA2AC096C9009C50D7 /* dpkgversion.h in Headers */ = {isa = PBXBuildFile; fileRef = E1F955E82AC096C9009C50D7 /* dpkgversion.h */; };
		E1F955EE2AC096FF009C50D7 /* DpkgWrapper.swift in Sources */ = {isa = PBXBuildFile; fileRef = E1F955ED2AC096FF009C50D7 /* DpkgWrapper.swift */; };
/* End PBXBuildFile section */

/* Begin PBXCopyFilesBuildPhase section */
		E1C4994326D02A220093E290 /* CopyFiles */ = {
			isa = PBXCopyFilesBuildPhase;
			buildActionMask = 2147483647;
			dstPath = /usr/share/man/man1/;
			dstSubfolderSpec = 0;
			files = (
			);
			runOnlyForDeploymentPostprocessing = 1;
		};
/* End PBXCopyFilesBuildPhase section */

/* Begin PBXFileReference section */
		E125D5CE26D03FFC0021DE2E /* libbz2.tbd */ = {isa = PBXFileReference; lastKnownFileType = "sourcecode.text-based-dylib-definition"; name = libbz2.tbd; path = usr/lib/libbz2.tbd; sourceTree = SDKROOT; };
		E125D5D026D040120021DE2E /* libbz2.1.0.tbd */ = {isa = PBXFileReference; lastKnownFileType = "sourcecode.text-based-dylib-definition"; name = libbz2.1.0.tbd; path = usr/lib/libbz2.1.0.tbd; sourceTree = SDKROOT; };
		E1C4994526D02A220093E290 /* RepoUnclutter */ = {isa = PBXFileReference; explicitFileType = "compiled.mach-o.executable"; includeInIndex = 0; path = RepoUnclutter; sourceTree = BUILT_PRODUCTS_DIR; };
		E1C4994826D02A220093E290 /* main.swift */ = {isa = PBXFileReference; lastKnownFileType = sourcecode.swift; path = main.swift; sourceTree = "<group>"; };
		E1C4995026D02A650093E290 /* Package.swift */ = {isa = PBXFileReference; fileEncoding = 4; lastKnownFileType = sourcecode.swift; path = Package.swift; sourceTree = "<group>"; };
		E1C4995226D02A6D0093E290 /* Repo.swift */ = {isa = PBXFileReference; fileEncoding = 4; lastKnownFileType = sourcecode.swift; path = Repo.swift; sourceTree = "<group>"; };
		E1C4995426D0356A0093E290 /* BZIP.swift */ = {isa = PBXFileReference; fileEncoding = 4; lastKnownFileType = sourcecode.swift; path = BZIP.swift; sourceTree = "<group>"; };
		E1C4995726D035770093E290 /* libbz2.1.0.5.tbd */ = {isa = PBXFileReference; lastKnownFileType = "sourcecode.text-based-dylib-definition"; name = libbz2.1.0.5.tbd; path = usr/lib/libbz2.1.0.5.tbd; sourceTree = SDKROOT; };
		E1C4995D26D036F10093E290 /* BridgingHeader.h */ = {isa = PBXFileReference; lastKnownFileType = sourcecode.c.h; path = BridgingHeader.h; sourceTree = "<group>"; };
		E1C4995E26D0374A0093E290 /* PackageListManager.swift */ = {isa = PBXFileReference; fileEncoding = 4; lastKnownFileType = sourcecode.swift; path = PackageListManager.swift; sourceTree = "<group>"; };
		E1C4996226D038100093E290 /* ControlFileParser.swift */ = {isa = PBXFileReference; fileEncoding = 4; lastKnownFileType = sourcecode.swift; path = ControlFileParser.swift; sourceTree = "<group>"; };
		E1C4996426D038490093E290 /* ControlFileParserFast.c */ = {isa = PBXFileReference; fileEncoding = 4; lastKnownFileType = sourcecode.c.c; path = ControlFileParserFast.c; sourceTree = "<group>"; };
		E1C4996526D038490093E290 /* ControlFileParserFast.h */ = {isa = PBXFileReference; fileEncoding = 4; lastKnownFileType = sourcecode.c.h; path = ControlFileParserFast.h; sourceTree = "<group>"; };
		E1F955E72AC096C9009C50D7 /* dpkgversion.c */ = {isa = PBXFileReference; fileEncoding = 4; lastKnownFileType = sourcecode.c.c; path = dpkgversion.c; sourceTree = "<group>"; };
		E1F955E82AC096C9009C50D7 /* dpkgversion.h */ = {isa = PBXFileReference; fileEncoding = 4; lastKnownFileType = sourcecode.c.h; path = dpkgversion.h; sourceTree = "<group>"; };
		E1F955ED2AC096FF009C50D7 /* DpkgWrapper.swift */ = {isa = PBXFileReference; fileEncoding = 4; lastKnownFileType = sourcecode.swift; path = DpkgWrapper.swift; sourceTree = "<group>"; };
		E1F955EF2AC09814009C50D7 /* libc.tbd */ = {isa = PBXFileReference; lastKnownFileType = "sourcecode.text-based-dylib-definition"; name = libc.tbd; path = usr/lib/libc.tbd; sourceTree = SDKROOT; };
/* End PBXFileReference section */

/* Begin PBXFrameworksBuildPhase section */
		E1C4994226D02A220093E290 /* Frameworks */ = {
			isa = PBXFrameworksBuildPhase;
			buildActionMask = 2147483647;
			files = (
				E125D5D126D040160021DE2E /* libbz2.1.0.tbd in Frameworks */,
			);
			runOnlyForDeploymentPostprocessing = 0;
		};
/* End PBXFrameworksBuildPhase section */

/* Begin PBXGroup section */
		E1C4993C26D02A220093E290 = {
			isa = PBXGroup;
			children = (
				E1C4994726D02A220093E290 /* RepoUnclutter */,
				E1C4994626D02A220093E290 /* Products */,
				E1C4995626D035770093E290 /* Frameworks */,
			);
			sourceTree = "<group>";
		};
		E1C4994626D02A220093E290 /* Products */ = {
			isa = PBXGroup;
			children = (
				E1C4994526D02A220093E290 /* RepoUnclutter */,
			);
			name = Products;
			sourceTree = "<group>";
		};
		E1C4994726D02A220093E290 /* RepoUnclutter */ = {
			isa = PBXGroup;
			children = (
				E1C4994F26D02A290093E290 /* Sileo Backend */,
				E1C4994826D02A220093E290 /* main.swift */,
				E1C4995D26D036F10093E290 /* BridgingHeader.h */,
			);
			path = RepoUnclutter;
			sourceTree = "<group>";
		};
		E1C4994F26D02A290093E290 /* Sileo Backend */ = {
			isa = PBXGroup;
			children = (
				E1C4995426D0356A0093E290 /* BZIP.swift */,
				E1C4995226D02A6D0093E290 /* Repo.swift */,
				E1C4995026D02A650093E290 /* Package.swift */,
				E1C4996226D038100093E290 /* ControlFileParser.swift */,
				E1C4996426D038490093E290 /* ControlFileParserFast.c */,
				E1C4996526D038490093E290 /* ControlFileParserFast.h */,
				E1F955E72AC096C9009C50D7 /* dpkgversion.c */,
				E1F955ED2AC096FF009C50D7 /* DpkgWrapper.swift */,
				E1F955E82AC096C9009C50D7 /* dpkgversion.h */,
				E1C4995E26D0374A0093E290 /* PackageListManager.swift */,
			);
			path = "Sileo Backend";
			sourceTree = "<group>";
		};
		E1C4995626D035770093E290 /* Frameworks */ = {
			isa = PBXGroup;
			children = (
				E1F955EF2AC09814009C50D7 /* libc.tbd */,
				E125D5D026D040120021DE2E /* libbz2.1.0.tbd */,
				E125D5CE26D03FFC0021DE2E /* libbz2.tbd */,
				E1C4995726D035770093E290 /* libbz2.1.0.5.tbd */,
			);
			name = Frameworks;
			sourceTree = "<group>";
		};
/* End PBXGroup section */

/* Begin PBXHeadersBuildPhase section */
		E1C4995A26D0364D0093E290 /* Headers */ = {
			isa = PBXHeadersBuildPhase;
			buildActionMask = 2147483647;
			files = (
				E1C4996726D038490093E290 /* ControlFileParserFast.h in Headers */,
				E1F955EA2AC096C9009C50D7 /* dpkgversion.h in Headers */,
			);
			runOnlyForDeploymentPostprocessing = 0;
		};
/* End PBXHeadersBuildPhase section */

/* Begin PBXNativeTarget section */
		E1C4994426D02A220093E290 /* RepoUnclutter */ = {
			isa = PBXNativeTarget;
			buildConfigurationList = E1C4994C26D02A220093E290 /* Build configuration list for PBXNativeTarget "RepoUnclutter" */;
			buildPhases = (
				E1C4995A26D0364D0093E290 /* Headers */,
				E1C4994126D02A220093E290 /* Sources */,
				E1C4994226D02A220093E290 /* Frameworks */,
				E1C4994326D02A220093E290 /* CopyFiles */,
			);
			buildRules = (
			);
			dependencies = (
			);
			name = RepoUnclutter;
			productName = RepoUnclutter;
			productReference = E1C4994526D02A220093E290 /* RepoUnclutter */;
			productType = "com.apple.product-type.tool";
		};
/* End PBXNativeTarget section */

/* Begin PBXProject section */
		E1C4993D26D02A220093E290 /* Project object */ = {
			isa = PBXProject;
			attributes = {
				LastSwiftUpdateCheck = 1250;
				LastUpgradeCheck = 1250;
				TargetAttributes = {
					E1C4994426D02A220093E290 = {
						CreatedOnToolsVersion = 12.5.1;
					};
				};
			};
			buildConfigurationList = E1C4994026D02A220093E290 /* Build configuration list for PBXProject "RepoUnclutter" */;
			compatibilityVersion = "Xcode 9.3";
			developmentRegion = en;
			hasScannedForEncodings = 0;
			knownRegions = (
				en,
				Base,
			);
			mainGroup = E1C4993C26D02A220093E290;
			productRefGroup = E1C4994626D02A220093E290 /* Products */;
			projectDirPath = "";
			projectRoot = "";
			targets = (
				E1C4994426D02A220093E290 /* RepoUnclutter */,
			);
		};
/* End PBXProject section */

/* Begin PBXSourcesBuildPhase section */
		E1C4994126D02A220093E290 /* Sources */ = {
			isa = PBXSourcesBuildPhase;
			buildActionMask = 2147483647;
			files = (
				E1C4995326D02A6D0093E290 /* Repo.swift in Sources */,
				E1C4996326D038100093E290 /* ControlFileParser.swift in Sources */,
				E1C4995126D02A650093E290 /* Package.swift in Sources */,
				E1C4995526D0356A0093E290 /* BZIP.swift in Sources */,
				E1C4996626D038490093E290 /* ControlFileParserFast.c in Sources */,
				E1C4994926D02A220093E290 /* main.swift in Sources */,
				E1F955EE2AC096FF009C50D7 /* DpkgWrapper.swift in Sources */,
				E1C4995F26D0374A0093E290 /* PackageListManager.swift in Sources */,
				E1F955E92AC096C9009C50D7 /* dpkgversion.c in Sources */,
			);
			runOnlyForDeploymentPostprocessing = 0;
		};
/* End PBXSourcesBuildPhase section */

/* Begin XCBuildConfiguration section */
		E1C4994A26D02A220093E290 /* Debug */ = {
			isa = XCBuildConfiguration;
			buildSettings = {
			};
			name = Debug;
		};
		E1C4994B26D02A220093E290 /* Release */ = {
			isa = XCBuildConfiguration;
			buildSettings = {
			};
			name = Release;
		};
		E1C4994D26D02A220093E290 /* Debug */ = {
			isa = XCBuildConfiguration;
			buildSettings = {
				ARCHS = "$(ARCHS_STANDARD)";
				CODE_SIGN_STYLE = Automatic;
				DEVELOPMENT_TEAM = 7J8FJX4SRX;
				HEADER_SEARCH_PATHS = "RepoUnclutter/SileoBackend/**";
				MACOSX_DEPLOYMENT_TARGET = 12.0;
				PRODUCT_NAME = "$(TARGET_NAME)";
				SWIFT_OBJC_BRIDGING_HEADER = RepoUnclutter/BridgingHeader.h;
				SWIFT_VERSION = 5.0;
			};
			name = Debug;
		};
		E1C4994E26D02A220093E290 /* Release */ = {
			isa = XCBuildConfiguration;
			buildSettings = {
				ARCHS = "$(ARCHS_STANDARD)";
				CODE_SIGN_STYLE = Automatic;
				DEVELOPMENT_TEAM = 7J8FJX4SRX;
				HEADER_SEARCH_PATHS = "RepoUnclutter/SileoBackend/**";
				MACOSX_DEPLOYMENT_TARGET = 12.0;
				PRODUCT_NAME = "$(TARGET_NAME)";
				SWIFT_OBJC_BRIDGING_HEADER = RepoUnclutter/BridgingHeader.h;
				SWIFT_VERSION = 5.0;
			};
			name = Release;
		};
/* End XCBuildConfiguration section */

/* Begin XCConfigurationList section */
		E1C4994026D02A220093E290 /* Build configuration list for PBXProject "RepoUnclutter" */ = {
			isa = XCConfigurationList;
			buildConfigurations = (
				E1C4994A26D02A220093E290 /* Debug */,
				E1C4994B26D02A220093E290 /* Release */,
			);
			defaultConfigurationIsVisible = 0;
			defaultConfigurationName = Release;
		};
		E1C4994C26D02A220093E290 /* Build configuration list for PBXNativeTarget "RepoUnclutter" */ = {
			isa = XCConfigurationList;
			buildConfigurations = (
				E1C4994D26D02A220093E290 /* Debug */,
				E1C4994E26D02A220093E290 /* Release */,
			);
			defaultConfigurationIsVisible = 0;
			defaultConfigurationName = Release;
		};
/* End XCConfigurationList section */
	};
	rootObject = E1C4993D26D02A220093E290 /* Project object */;
}
